
Microsoft Visual Studio Solution File, Format Version 12.00
# Visual Studio Version 17
VisualStudioVersion = 17.14.36717.8
MinimumVisualStudioVersion = 10.0.40219.1
Project("{FAE04EC0-301F-11D3-BF4B-00C04F79EFBC}") = "EVDOKIMOV.UI", "EVDOKIMOV.UI\EVDOKIMOV.UI.csproj", "{E03CA4B3-337F-4222-8EF6-9387EFE3FC59}"
EndProject
Project("{FAE04EC0-301F-11D3-BF4B-00C04F79EFBC}") = "EVDOKIMOV.Domain", "EVDOKIMOV.Domain\EVDOKIMOV.Domain.csproj", "{47D714E3-4D91-4343-A258-BB0BB33097AA}"
EndProject
Project("{FAE04EC0-301F-11D3-BF4B-00C04F79EFBC}") = "EVDOKIMOV.API", "EVDOKIMOV.API\EVDOKIMOV.API.csproj", "{36C4F521-26D3-44EF-B2E8-622BBB3CE051}"
EndProject
Project("{FAE04EC0-301F-11D3-BF4B-00C04F79EFBC}") = "EVDOKIMOV.Blazor", "EVDOKIMOV.Blazor\EVDOKIMOV.Blazor.csproj", "{6CD62C32-3D8F-49BE-B82B-E9B04A110D5C}"
EndProject
Global
	GlobalSection(SolutionConfigurationPlatforms) = preSolution
		Debug|Any CPU = Debug|Any CPU
		Release|Any CPU = Release|Any CPU
	EndGlobalSection
	GlobalSection(ProjectConfigurationPlatforms) = postSolution
		{E03CA4B3-337F-4222-8EF6-9387EFE3FC59}.Debug|Any CPU.ActiveCfg = Debug|Any CPU
		{E03CA4B3-337F-4222-8EF6-9387EFE3FC59}.Debug|Any CPU.Build.0 = Debug|Any CPU
		{E03CA4B3-337F-4222-8EF6-9387EFE3FC59}.Release|Any CPU.ActiveCfg = Release|Any CPU
		{E03CA4B3-337F-4222-8EF6-9387EFE3FC59}.Release|Any CPU.Build.0 = Release|Any CPU
		{47D714E3-4D91-4343-A258-BB0BB33097AA}.Debug|Any CPU.ActiveCfg = Debug|Any CPU
		{47D714E3-4D91-4343-A258-BB0BB33097AA}.Debug|Any CPU.Build.0 = Debug|Any CPU
		{47D714E3-4D91-4343-A258-BB0BB33097AA}.Release|Any CPU.ActiveCfg = Release|Any CPU
		{47D714E3-4D91-4343-A258-BB0BB33097AA}.Release|Any CPU.Build.0 = Release|Any CPU
		{36C4F521-26D3-44EF-B2E8-622BBB3CE051}.Debug|Any CPU.ActiveCfg = Debug|Any CPU
		{36C4F521-26D3-44EF-B2E8-622BBB3CE051}.Debug|Any CPU.Build.0 = Debug|Any CPU
		{36C4F521-26D3-44EF-B2E8-622BBB3CE051}.Release|Any CPU.ActiveCfg = Release|Any CPU
		{36C4F521-26D3-44EF-B2E8-622BBB3CE051}.Release|Any CPU.Build.0 = Release|Any CPU
		{6CD62C32-3D8F-49BE-B82B-E9B04A110D5C}.Debug|Any CPU.ActiveCfg = Debug|Any CPU
		{6CD62C32-3D8F-49BE-B82B-E9B04A110D5C}.Debug|Any CPU.Build.0 = Debug|Any CPU
		{6CD62C32-3D8F-49BE-B82B-E9B04A110D5C}.Release|Any CPU.ActiveCfg = Release|Any CPU
		{6CD62C32-3D8F-49BE-B82B-E9B04A110D5C}.Release|Any CPU.Build.0 = Release|Any CPU
	EndGlobalSection
	GlobalSection(SolutionProperties) = preSolution
		HideSolutionNode = FALSE
	EndGlobalSection
	GlobalSection(ExtensibilityGlobals) = postSolution
		SolutionGuid = {56847254-3903-40EA-A69B-5E602C1C573A}
	EndGlobalSection
EndGlobal
